// !$*UTF8*$!
{
	archiveVersion = 1;
	classes = {
	};
	objectVersion = 45;
	objects = {

/* Begin PBXBuildFile section */
		1D3623260D0F684500981E51 /* CuteFrameAppDelegate.m in Sources */ = {isa = PBXBuildFile; fileRef = 1D3623250D0F684500981E51 /* CuteFrameAppDelegate.m */; };
		1D60589B0D05DD56006BFB54 /* main.m in Sources */ = {isa = PBXBuildFile; fileRef = 29B97316FDCFA39411CA2CEA /* main.m */; };
		1D60589F0D05DD5A006BFB54 /* Foundation.framework in Frameworks */ = {isa = PBXBuildFile; fileRef = 1D30AB110D05D00D00671497 /* Foundation.framework */; };
		1DF5F4E00D08C38300B7A737 /* UIKit.framework in Frameworks */ = {isa = PBXBuildFile; fileRef = 1DF5F4DF0D08C38300B7A737 /* UIKit.framework */; };
		288765FD0DF74451002DB57D /* CoreGraphics.framework in Frameworks */ = {isa = PBXBuildFile; fileRef = 288765FC0DF74451002DB57D /* CoreGraphics.framework */; };
		8C212B07125EF2490071F500 /* RemoteOutput.m in Sources */ = {isa = PBXBuildFile; fileRef = 8C212B06125EF2490071F500 /* RemoteOutput.m */; };
		8C212B11125EF26D0071F500 /* AudioToolbox.framework in Frameworks */ = {isa = PBXBuildFile; fileRef = 8C212B10125EF26D0071F500 /* AudioToolbox.framework */; };
		8C212C5A125F27D80071F500 /* Default.png in Resources */ = {isa = PBXBuildFile; fileRef = 8C212C59125F27D80071F500 /* Default.png */; };
		8C212C5E125F2A3A0071F500 /* icon.png in Resources */ = {isa = PBXBuildFile; fileRef = 8C212C5D125F2A3A0071F500 /* icon.png */; };
		8C36610812672DA6008BD17B /* SineWaveLFO.m in Sources */ = {isa = PBXBuildFile; fileRef = 8C36610712672DA6008BD17B /* SineWaveLFO.m */; };
		8C36610B12672EBC008BD17B /* AbstractLFO.m in Sources */ = {isa = PBXBuildFile; fileRef = 8C36610A12672EBC008BD17B /* AbstractLFO.m */; };
		8C46269012643C62003F7A0F /* PadSynthesizer.m in Sources */ = {isa = PBXBuildFile; fileRef = 8C46268F12643C62003F7A0F /* PadSynthesizer.m */; };
		8C46276812644EFF003F7A0F /* ChromaticPadSynthesizer.m in Sources */ = {isa = PBXBuildFile; fileRef = 8C46276712644EFF003F7A0F /* ChromaticPadSynthesizer.m */; };
		8C4627B612648A9B003F7A0F /* DebugLabelView.m in Sources */ = {isa = PBXBuildFile; fileRef = 8C4627B512648A9B003F7A0F /* DebugLabelView.m */; };
		8C4628F5126570AF003F7A0F /* AnyScalePadSynthesizer.m in Sources */ = {isa = PBXBuildFile; fileRef = 8C4628F4126570AF003F7A0F /* AnyScalePadSynthesizer.m */; };
		8CA49FEB125FEDB30045D85B /* CuteView.m in Sources */ = {isa = PBXBuildFile; fileRef = 8CA49FEA125FEDB30045D85B /* CuteView.m */; };
		8CA4A0841262DF660045D85B /* Settings.bundle in Resources */ = {isa = PBXBuildFile; fileRef = 8CA4A0831262DF660045D85B /* Settings.bundle */; };
		8CBEF287125D63E90058EA44 /* FrontViewController.m in Sources */ = {isa = PBXBuildFile; fileRef = 8CBEF286125D63E90058EA44 /* FrontViewController.m */; };
/* End PBXBuildFile section */

/* Begin PBXFileReference section */
		1D30AB110D05D00D00671497 /* Foundation.framework */ = {isa = PBXFileReference; lastKnownFileType = wrapper.framework; name = Foundation.framework; path = System/Library/Frameworks/Foundation.framework; sourceTree = SDKROOT; };
		1D3623240D0F684500981E51 /* CuteFrameAppDelegate.h */ = {isa = PBXFileReference; fileEncoding = 4; lastKnownFileType = sourcecode.c.h; path = CuteFrameAppDelegate.h; sourceTree = "<group>"; };
		1D3623250D0F684500981E51 /* CuteFrameAppDelegate.m */ = {isa = PBXFileReference; fileEncoding = 4; lastKnownFileType = sourcecode.c.objc; path = CuteFrameAppDelegate.m; sourceTree = "<group>"; };
		1D6058910D05DD3D006BFB54 /* CuteFrame.app */ = {isa = PBXFileReference; explicitFileType = wrapper.application; includeInIndex = 0; path = CuteFrame.app; sourceTree = BUILT_PRODUCTS_DIR; };
		1DF5F4DF0D08C38300B7A737 /* UIKit.framework */ = {isa = PBXFileReference; lastKnownFileType = wrapper.framework; name = UIKit.framework; path = System/Library/Frameworks/UIKit.framework; sourceTree = SDKROOT; };
		288765FC0DF74451002DB57D /* CoreGraphics.framework */ = {isa = PBXFileReference; lastKnownFileType = wrapper.framework; name = CoreGraphics.framework; path = System/Library/Frameworks/CoreGraphics.framework; sourceTree = SDKROOT; };
		29B97316FDCFA39411CA2CEA /* main.m */ = {isa = PBXFileReference; fileEncoding = 4; lastKnownFileType = sourcecode.c.objc; path = main.m; sourceTree = "<group>"; };
		32CA4F630368D1EE00C91783 /* CuteFrame_Prefix.pch */ = {isa = PBXFileReference; fileEncoding = 4; lastKnownFileType = sourcecode.c.h; path = CuteFrame_Prefix.pch; sourceTree = "<group>"; };
		8C212B05125EF2490071F500 /* RemoteOutput.h */ = {isa = PBXFileReference; fileEncoding = 4; lastKnownFileType = sourcecode.c.h; path = RemoteOutput.h; sourceTree = "<group>"; };
		8C212B06125EF2490071F500 /* RemoteOutput.m */ = {isa = PBXFileReference; fileEncoding = 4; lastKnownFileType = sourcecode.c.objc; path = RemoteOutput.m; sourceTree = "<group>"; };
		8C212B10125EF26D0071F500 /* AudioToolbox.framework */ = {isa = PBXFileReference; lastKnownFileType = wrapper.framework; name = AudioToolbox.framework; path = System/Library/Frameworks/AudioToolbox.framework; sourceTree = SDKROOT; };
		8C212C59125F27D80071F500 /* Default.png */ = {isa = PBXFileReference; lastKnownFileType = image.png; path = Default.png; sourceTree = "<group>"; };
		8C212C5D125F2A3A0071F500 /* icon.png */ = {isa = PBXFileReference; lastKnownFileType = image.png; path = icon.png; sourceTree = "<group>"; };
		8C365E0C1265A296008BD17B /* ScaleArrays.h */ = {isa = PBXFileReference; fileEncoding = 4; lastKnownFileType = sourcecode.c.h; path = ScaleArrays.h; sourceTree = "<group>"; };
		8C36610612672DA6008BD17B /* SineWaveLFO.h */ = {isa = PBXFileReference; fileEncoding = 4; lastKnownFileType = sourcecode.c.h; path = SineWaveLFO.h; sourceTree = "<group>"; };
		8C36610712672DA6008BD17B /* SineWaveLFO.m */ = {isa = PBXFileReference; fileEncoding = 4; lastKnownFileType = sourcecode.c.objc; path = SineWaveLFO.m; sourceTree = "<group>"; };
		8C36610912672EBC008BD17B /* AbstractLFO.h */ = {isa = PBXFileReference; fileEncoding = 4; lastKnownFileType = sourcecode.c.h; path = AbstractLFO.h; sourceTree = "<group>"; };
		8C36610A12672EBC008BD17B /* AbstractLFO.m */ = {isa = PBXFileReference; fileEncoding = 4; lastKnownFileType = sourcecode.c.objc; path = AbstractLFO.m; sourceTree = "<group>"; };
		8C3661D61267462E008BD17B /* LFODelegate.h */ = {isa = PBXFileReference; fileEncoding = 4; lastKnownFileType = sourcecode.c.h; path = LFODelegate.h; sourceTree = "<group>"; };
		8C46268E12643C62003F7A0F /* PadSynthesizer.h */ = {isa = PBXFileReference; fileEncoding = 4; lastKnownFileType = sourcecode.c.h; path = PadSynthesizer.h; sourceTree = "<group>"; };
		8C46268F12643C62003F7A0F /* PadSynthesizer.m */ = {isa = PBXFileReference; fileEncoding = 4; lastKnownFileType = sourcecode.c.objc; path = PadSynthesizer.m; sourceTree = "<group>"; };
		8C46276612644EFF003F7A0F /* ChromaticPadSynthesizer.h */ = {isa = PBXFileReference; fileEncoding = 4; lastKnownFileType = sourcecode.c.h; path = ChromaticPadSynthesizer.h; sourceTree = "<group>"; };
		8C46276712644EFF003F7A0F /* ChromaticPadSynthesizer.m */ = {isa = PBXFileReference; fileEncoding = 4; lastKnownFileType = sourcecode.c.objc; path = ChromaticPadSynthesizer.m; sourceTree = "<group>"; };
		8C4627B412648A9B003F7A0F /* DebugLabelView.h */ = {isa = PBXFileReference; fileEncoding = 4; lastKnownFileType = sourcecode.c.h; path = DebugLabelView.h; sourceTree = "<group>"; };
		8C4627B512648A9B003F7A0F /* DebugLabelView.m */ = {isa = PBXFileReference; fileEncoding = 4; lastKnownFileType = sourcecode.c.objc; path = DebugLabelView.m; sourceTree = "<group>"; };
		8C4628F3126570AF003F7A0F /* AnyScalePadSynthesizer.h */ = {isa = PBXFileReference; fileEncoding = 4; lastKnownFileType = sourcecode.c.h; path = AnyScalePadSynthesizer.h; sourceTree = "<group>"; };
		8C4628F4126570AF003F7A0F /* AnyScalePadSynthesizer.m */ = {isa = PBXFileReference; fileEncoding = 4; lastKnownFileType = sourcecode.c.objc; path = AnyScalePadSynthesizer.m; sourceTree = "<group>"; };
		8CA49FE9125FEDB30045D85B /* CuteView.h */ = {isa = PBXFileReference; fileEncoding = 4; lastKnownFileType = sourcecode.c.h; path = CuteView.h; sourceTree = "<group>"; };
		8CA49FEA125FEDB30045D85B /* CuteView.m */ = {isa = PBXFileReference; fileEncoding = 4; lastKnownFileType = sourcecode.c.objc; path = CuteView.m; sourceTree = "<group>"; };
		8CA4A0831262DF660045D85B /* Settings.bundle */ = {isa = PBXFileReference; lastKnownFileType = "wrapper.plug-in"; path = Settings.bundle; sourceTree = "<group>"; };
		8CBEF285125D63E90058EA44 /* FrontViewController.h */ = {isa = PBXFileReference; fileEncoding = 4; lastKnownFileType = sourcecode.c.h; path = FrontViewController.h; sourceTree = "<group>"; };
		8CBEF286125D63E90058EA44 /* FrontViewController.m */ = {isa = PBXFileReference; fileEncoding = 4; lastKnownFileType = sourcecode.c.objc; path = FrontViewController.m; sourceTree = "<group>"; };
		8D1107310486CEB800E47090 /* CuteFrame-Info.plist */ = {isa = PBXFileReference; fileEncoding = 4; lastKnownFileType = text.plist.xml; path = "CuteFrame-Info.plist"; plistStructureDefinitionIdentifier = "com.apple.xcode.plist.structure-definition.iphone.info-plist"; sourceTree = "<group>"; };
/* End PBXFileReference section */

/* Begin PBXFrameworksBuildPhase section */
		1D60588F0D05DD3D006BFB54 /* Frameworks */ = {
			isa = PBXFrameworksBuildPhase;
			buildActionMask = 2147483647;
			files = (
				1D60589F0D05DD5A006BFB54 /* Foundation.framework in Frameworks */,
				1DF5F4E00D08C38300B7A737 /* UIKit.framework in Frameworks */,
				288765FD0DF74451002DB57D /* CoreGraphics.framework in Frameworks */,
				8C212B11125EF26D0071F500 /* AudioToolbox.framework in Frameworks */,
			);
			runOnlyForDeploymentPostprocessing = 0;
		};
/* End PBXFrameworksBuildPhase section */

/* Begin PBXGroup section */
		080E96DDFE201D6D7F000001 /* Classes */ = {
			isa = PBXGroup;
			children = (
				8C36610312672D7D008BD17B /* LFO */,
				8CA49FF7125FEDFE0045D85B /* app */,
				8CA49FF6125FEDF20045D85B /* Synthesizer */,
				8C46279112645259003F7A0F /* PadSynthesizer */,
				8C365E0212659946008BD17B /* Scales */,
				8CA49FF5125FEDE10045D85B /* ViewControllers */,
				8CA49FF4125FEDC30045D85B /* Views */,
			);
			path = Classes;
			sourceTree = "<group>";
		};
		19C28FACFE9D520D11CA2CBB /* Products */ = {
			isa = PBXGroup;
			children = (
				1D6058910D05DD3D006BFB54 /* CuteFrame.app */,
			);
			name = Products;
			sourceTree = "<group>";
		};
		29B97314FDCFA39411CA2CEA /* CustomTemplate */ = {
			isa = PBXGroup;
			children = (
				080E96DDFE201D6D7F000001 /* Classes */,
				29B97315FDCFA39411CA2CEA /* Other Sources */,
				29B97317FDCFA39411CA2CEA /* Resources */,
				29B97323FDCFA39411CA2CEA /* Frameworks */,
				19C28FACFE9D520D11CA2CBB /* Products */,
			);
			name = CustomTemplate;
			sourceTree = "<group>";
		};
		29B97315FDCFA39411CA2CEA /* Other Sources */ = {
			isa = PBXGroup;
			children = (
				32CA4F630368D1EE00C91783 /* CuteFrame_Prefix.pch */,
				29B97316FDCFA39411CA2CEA /* main.m */,
			);
			name = "Other Sources";
			sourceTree = "<group>";
		};
		29B97317FDCFA39411CA2CEA /* Resources */ = {
			isa = PBXGroup;
			children = (
				8C212C5D125F2A3A0071F500 /* icon.png */,
				8C212C59125F27D80071F500 /* Default.png */,
				8D1107310486CEB800E47090 /* CuteFrame-Info.plist */,
				8CA4A0831262DF660045D85B /* Settings.bundle */,
			);
			name = Resources;
			sourceTree = "<group>";
		};
		29B97323FDCFA39411CA2CEA /* Frameworks */ = {
			isa = PBXGroup;
			children = (
				1DF5F4DF0D08C38300B7A737 /* UIKit.framework */,
				1D30AB110D05D00D00671497 /* Foundation.framework */,
				288765FC0DF74451002DB57D /* CoreGraphics.framework */,
				8C212B10125EF26D0071F500 /* AudioToolbox.framework */,
			);
			name = Frameworks;
			sourceTree = "<group>";
		};
		8C365E0212659946008BD17B /* Scales */ = {
			isa = PBXGroup;
			children = (
				8C365E0C1265A296008BD17B /* ScaleArrays.h */,
			);
			name = Scales;
			sourceTree = "<group>";
		};
		8C36610312672D7D008BD17B /* LFO */ = {
			isa = PBXGroup;
			children = (
				8C3661D61267462E008BD17B /* LFODelegate.h */,
				8C36610912672EBC008BD17B /* AbstractLFO.h */,
				8C36610A12672EBC008BD17B /* AbstractLFO.m */,
				8C36610612672DA6008BD17B /* SineWaveLFO.h */,
				8C36610712672DA6008BD17B /* SineWaveLFO.m */,
			);
			name = LFO;
			sourceTree = "<group>";
		};
		8C46279112645259003F7A0F /* PadSynthesizer */ = {
			isa = PBXGroup;
			children = (
				8C46268E12643C62003F7A0F /* PadSynthesizer.h */,
				8C46268F12643C62003F7A0F /* PadSynthesizer.m */,
				8C46276612644EFF003F7A0F /* ChromaticPadSynthesizer.h */,
				8C46276712644EFF003F7A0F /* ChromaticPadSynthesizer.m */,
				8C4628F3126570AF003F7A0F /* AnyScalePadSynthesizer.h */,
				8C4628F4126570AF003F7A0F /* AnyScalePadSynthesizer.m */,
			);
			name = PadSynthesizer;
			sourceTree = "<group>";
		};
		8CA49FF4125FEDC30045D85B /* Views */ = {
			isa = PBXGroup;
			children = (
				8CA49FE9125FEDB30045D85B /* CuteView.h */,
				8CA49FEA125FEDB30045D85B /* CuteView.m */,
				8C4627B412648A9B003F7A0F /* DebugLabelView.h */,
				8C4627B512648A9B003F7A0F /* DebugLabelView.m */,
			);
			name = Views;
			sourceTree = "<group>";
		};
		8CA49FF5125FEDE10045D85B /* ViewControllers */ = {
			isa = PBXGroup;
			children = (
				8CBEF285125D63E90058EA44 /* FrontViewController.h */,
				8CBEF286125D63E90058EA44 /* FrontViewController.m */,
			);
			name = ViewControllers;
			sourceTree = "<group>";
		};
		8CA49FF6125FEDF20045D85B /* Synthesizer */ = {
			isa = PBXGroup;
			children = (
				8C212B05125EF2490071F500 /* RemoteOutput.h */,
				8C212B06125EF2490071F500 /* RemoteOutput.m */,
			);
			name = Synthesizer;
			sourceTree = "<group>";
		};
		8CA49FF7125FEDFE0045D85B /* app */ = {
			isa = PBXGroup;
			children = (
				1D3623240D0F684500981E51 /* CuteFrameAppDelegate.h */,
				1D3623250D0F684500981E51 /* CuteFrameAppDelegate.m */,
			);
			name = app;
			sourceTree = "<group>";
		};
/* End PBXGroup section */

/* Begin PBXNativeTarget section */
		1D6058900D05DD3D006BFB54 /* CuteFrame */ = {
			isa = PBXNativeTarget;
			buildConfigurationList = 1D6058960D05DD3E006BFB54 /* Build configuration list for PBXNativeTarget "CuteFrame" */;
			buildPhases = (
				1D60588D0D05DD3D006BFB54 /* Resources */,
				1D60588E0D05DD3D006BFB54 /* Sources */,
				1D60588F0D05DD3D006BFB54 /* Frameworks */,
			);
			buildRules = (
			);
			dependencies = (
			);
			name = CuteFrame;
			productName = CuteFrame;
			productReference = 1D6058910D05DD3D006BFB54 /* CuteFrame.app */;
			productType = "com.apple.product-type.application";
		};
/* End PBXNativeTarget section */

/* Begin PBXProject section */
		29B97313FDCFA39411CA2CEA /* Project object */ = {
			isa = PBXProject;
			buildConfigurationList = C01FCF4E08A954540054247B /* Build configuration list for PBXProject "CuteFrame" */;
			compatibilityVersion = "Xcode 3.1";
			hasScannedForEncodings = 1;
			mainGroup = 29B97314FDCFA39411CA2CEA /* CustomTemplate */;
			projectDirPath = "";
			projectRoot = "";
			targets = (
				1D6058900D05DD3D006BFB54 /* CuteFrame */,
			);
		};
/* End PBXProject section */

/* Begin PBXResourcesBuildPhase section */
		1D60588D0D05DD3D006BFB54 /* Resources */ = {
			isa = PBXResourcesBuildPhase;
			buildActionMask = 2147483647;
			files = (
				8C212C5A125F27D80071F500 /* Default.png in Resources */,
				8C212C5E125F2A3A0071F500 /* icon.png in Resources */,
				8CA4A0841262DF660045D85B /* Settings.bundle in Resources */,
			);
			runOnlyForDeploymentPostprocessing = 0;
		};
/* End PBXResourcesBuildPhase section */

/* Begin PBXSourcesBuildPhase section */
		1D60588E0D05DD3D006BFB54 /* Sources */ = {
			isa = PBXSourcesBuildPhase;
			buildActionMask = 2147483647;
			files = (
				1D60589B0D05DD56006BFB54 /* main.m in Sources */,
				1D3623260D0F684500981E51 /* CuteFrameAppDelegate.m in Sources */,
				8CBEF287125D63E90058EA44 /* FrontViewController.m in Sources */,
				8C212B07125EF2490071F500 /* RemoteOutput.m in Sources */,
				8CA49FEB125FEDB30045D85B /* CuteView.m in Sources */,
				8C46269012643C62003F7A0F /* PadSynthesizer.m in Sources */,
				8C46276812644EFF003F7A0F /* ChromaticPadSynthesizer.m in Sources */,
				8C4627B612648A9B003F7A0F /* DebugLabelView.m in Sources */,
				8C4628F5126570AF003F7A0F /* AnyScalePadSynthesizer.m in Sources */,
				8C36610812672DA6008BD17B /* SineWaveLFO.m in Sources */,
				8C36610B12672EBC008BD17B /* AbstractLFO.m in Sources */,
			);
			runOnlyForDeploymentPostprocessing = 0;
		};
/* End PBXSourcesBuildPhase section */

/* Begin XCBuildConfiguration section */
		1D6058940D05DD3E006BFB54 /* Debug */ = {
			isa = XCBuildConfiguration;
			buildSettings = {
				ALWAYS_SEARCH_USER_PATHS = NO;
				COPY_PHASE_STRIP = NO;
				GCC_DYNAMIC_NO_PIC = NO;
				GCC_OPTIMIZATION_LEVEL = 0;
				GCC_PRECOMPILE_PREFIX_HEADER = YES;
				GCC_PREFIX_HEADER = CuteFrame_Prefix.pch;
				INFOPLIST_FILE = "CuteFrame-Info.plist";
				PRODUCT_NAME = CuteFrame;
			};
			name = Debug;
		};
		1D6058950D05DD3E006BFB54 /* Release */ = {
			isa = XCBuildConfiguration;
			buildSettings = {
				ALWAYS_SEARCH_USER_PATHS = NO;
				COPY_PHASE_STRIP = YES;
				GCC_PRECOMPILE_PREFIX_HEADER = YES;
				GCC_PREFIX_HEADER = CuteFrame_Prefix.pch;
				INFOPLIST_FILE = "CuteFrame-Info.plist";
				PRODUCT_NAME = CuteFrame;
				VALIDATE_PRODUCT = YES;
			};
			name = Release;
		};
		C01FCF4F08A954540054247B /* Debug */ = {
			isa = XCBuildConfiguration;
			buildSettings = {
				ARCHS = "$(ARCHS_STANDARD_32_BIT)";
				"CODE_SIGN_IDENTITY[sdk=iphoneos*]" = "iPhone Developer: Chiaki Uchiyama (8WWWEKHT88)";
				GCC_C_LANGUAGE_STANDARD = c99;
				GCC_PREPROCESSOR_DEFINITIONS = DEBUG;
				GCC_WARN_ABOUT_RETURN_TYPE = YES;
				GCC_WARN_UNUSED_VARIABLE = YES;
				PREBINDING = NO;
				"PROVISIONING_PROFILE[sdk=iphoneos*]" = "9D6E4B5D-6FE0-4102-B02B-0A87077DDFEC";
				SDKROOT = iphoneos4.0;
			};
			name = Debug;
		};
		C01FCF5008A954540054247B /* Release */ = {
			isa = XCBuildConfiguration;
			buildSettings = {
				ARCHS = "$(ARCHS_STANDARD_32_BIT)";
				"CODE_SIGN_IDENTITY[sdk=iphoneos*]" = "iPhone Developer";
				GCC_C_LANGUAGE_STANDARD = c99;
				GCC_WARN_ABOUT_RETURN_TYPE = YES;
				GCC_WARN_UNUSED_VARIABLE = YES;
				OTHER_CFLAGS = "-DNS_BLOCK_ASSERTIONS=1";
				PREBINDING = NO;
				SDKROOT = iphoneos4.0;
			};
			name = Release;
		};
/* End XCBuildConfiguration section */

/* Begin XCConfigurationList section */
		1D6058960D05DD3E006BFB54 /* Build configuration list for PBXNativeTarget "CuteFrame" */ = {
			isa = XCConfigurationList;
			buildConfigurations = (
				1D6058940D05DD3E006BFB54 /* Debug */,
				1D6058950D05DD3E006BFB54 /* Release */,
			);
			defaultConfigurationIsVisible = 0;
			defaultConfigurationName = Release;
		};
		C01FCF4E08A954540054247B /* Build configuration list for PBXProject "CuteFrame" */ = {
			isa = XCConfigurationList;
			buildConfigurations = (
				C01FCF4F08A954540054247B /* Debug */,
				C01FCF5008A954540054247B /* Release */,
			);
			defaultConfigurationIsVisible = 0;
			defaultConfigurationName = Release;
		};
/* End XCConfigurationList section */
	};
	rootObject = 29B97313FDCFA39411CA2CEA /* Project object */;
}
